# This file was autogenerated by Stack.
# You should not edit this file by hand.
# For more information, please see the documentation at:
#   https://docs.haskellstack.org/en/stable/lock_files

packages:
- completed:
    size: 409637
    url: https://github.com/purescript/purescript/archive/ac57b5d74a0086c48d377c28a6912c2cb6359f6a.tar.gz
    name: purescript
    version: 0.11.4
    sha256: 4b20dad59b25d106d82430569a5811968b793ee7a2783f531859ad378eba418e
    pantry-tree:
      size: 63367
      sha256: 98d5677e174ddf07889f874f93f7bf252800f8710b5f839e503a73c8f531f110
  original:
    url: https://github.com/purescript/purescript/archive/ac57b5d74a0086c48d377c28a6912c2cb6359f6a.tar.gz
- completed:
    size: 6397
    url: https://github.com/snoyberg/purify/archive/66a60fba14ca5bc749dee83e1286e0406ddffae6.tar.gz
    name: purify
    version: 0.1.0.0
    sha256: 6a220aa083adfbc347961f0c8fde868268dd51e0c2dc50ef3141e05af60bcf86
    pantry-tree:
      size: 400
      sha256: 606b16ecffaba81612874d13938e70078cb614ad503d03bb27483003bc4bd545
  original:
    url: https://github.com/snoyberg/purify/archive/66a60fba14ca5bc749dee83e1286e0406ddffae6.tar.gz
- completed:
    hackage: pipes-http-1.0.5@sha256:94950f5640b2f41bec290c9c181f2963bf138ecd1600d630b8c7505ee4d3b704,984
    pantry-tree:
      size: 211
      sha256: 33da00254ce93e7d80027bb1d76774c8cfa35b3667d87d50e18887efc7b7ef6b
  original:
    hackage: pipes-http-1.0.5
snapshots:
- completed:
    size: 486918
    url: https://raw.githubusercontent.com/commercialhaskell/stackage-snapshots/master/lts/8/9.yaml
    sha256: ed27d50405c8fa99e61238cedccbe95b1dde6fb53dc5e6f50eae207845da861a
  original: lts-8.9
